
Microsoft Visual Studio Solution File, Format Version 12.00
# Visual Studio Version 17
VisualStudioVersion = 17.13.35931.197 d17.13
MinimumVisualStudioVersion = 10.0.40219.1
Project("{8BC9CEB8-8B4A-11D0-8D11-00A0C91BC942}") = "Sandbox", "Sandbox\Sandbox.vcxproj", "{0C8ED7E7-EFCA-47B8-8699-EAF1605F3F88}"
EndProject
Project("{8BC9CEB8-8B4A-11D0-8D11-00A0C91BC942}") = "IronSprout", "IronSprout\IronSprout.vcxproj", "{A36C6613-09B8-491E-8FEA-3AAE7A0636FE}"
EndProject
Global
	GlobalSection(SolutionConfigurationPlatforms) = preSolution
		Debug|x64 = Debug|x64
		Release|x64 = Release|x64
	EndGlobalSection
	GlobalSection(ProjectConfigurationPlatforms) = postSolution
		{A36C6613-09B8-491E-8FEA-3AAE7A0636FE}.Debug|x64.ActiveCfg = Debug|x64
		{A36C6613-09B8-491E-8FEA-3AAE7A0636FE}.Debug|x64.Build.0 = Debug|x64
		{A36C6613-09B8-491E-8FEA-3AAE7A0636FE}.Release|x64.ActiveCfg = Release|x64
		{A36C6613-09B8-491E-8FEA-3AAE7A0636FE}.Release|x64.Build.0 = Release|x64
		{0C8ED7E7-EFCA-47B8-8699-EAF1605F3F88}.Debug|x64.ActiveCfg = Debug|x64
		{0C8ED7E7-EFCA-47B8-8699-EAF1605F3F88}.Debug|x64.Build.0 = Debug|x64
		{0C8ED7E7-EFCA-47B8-8699-EAF1605F3F88}.Release|x64.ActiveCfg = Release|x64
		{0C8ED7E7-EFCA-47B8-8699-EAF1605F3F88}.Release|x64.Build.0 = Release|x64
	EndGlobalSection
	GlobalSection(SolutionProperties) = preSolution
		HideSolutionNode = FALSE
	EndGlobalSection
	GlobalSection(ExtensibilityGlobals) = postSolution
		SolutionGuid = {E46BD715-130E-436F-9FFB-3DDADAA8C133}
	EndGlobalSection
EndGlobal
